
Microsoft Visual Studio Solution File, Format Version 12.00
# Visual Studio Version 17
VisualStudioVersion = 17.7.34031.279
MinimumVisualStudioVersion = 10.0.40219.1
Project("{9A19103F-16F7-4668-BE54-9A1E7A4F7556}") = "JeBalance", "JeBalance\JeBalance.csproj", "{FEDCDBD9-EDF1-47DF-8584-F9E83B1A1ECC}"
EndProject
Project("{9A19103F-16F7-4668-BE54-9A1E7A4F7556}") = "JeBalanceAdmin", "JeBalanceAdmin\JeBalanceAdmin.csproj", "{AE63A602-E840-4D30-9F3D-24F0880FFE7C}"
EndProject
Project("{9A19103F-16F7-4668-BE54-9A1E7A4F7556}") = "JeBalanceInspect", "JeBalanceInspect\JeBalanceInspect.csproj", "{D7338940-04B7-43B2-8594-85A10DD59BA4}"
EndProject
Project("{FAE04EC0-301F-11D3-BF4B-00C04F79EFBC}") = "JeBalanceDenonciation", "JeBalanceDenonciation\JeBalanceDenonciation.csproj", "{441E7909-1456-45ED-ACD8-EE6134F71B1D}"
EndProject
Project("{FAE04EC0-301F-11D3-BF4B-00C04F79EFBC}") = "JeBalance.Domain", "JeBalance.Domain\JeBalance.Domain.csproj", "{3A6BCAD8-779C-4839-826B-10E8B65BF9D6}"
EndProject
Global
	GlobalSection(SolutionConfigurationPlatforms) = preSolution
		Debug|Any CPU = Debug|Any CPU
		Release|Any CPU = Release|Any CPU
	EndGlobalSection
	GlobalSection(ProjectConfigurationPlatforms) = postSolution
		{FEDCDBD9-EDF1-47DF-8584-F9E83B1A1ECC}.Debug|Any CPU.ActiveCfg = Debug|Any CPU
		{FEDCDBD9-EDF1-47DF-8584-F9E83B1A1ECC}.Debug|Any CPU.Build.0 = Debug|Any CPU
		{FEDCDBD9-EDF1-47DF-8584-F9E83B1A1ECC}.Release|Any CPU.ActiveCfg = Release|Any CPU
		{FEDCDBD9-EDF1-47DF-8584-F9E83B1A1ECC}.Release|Any CPU.Build.0 = Release|Any CPU
		{AE63A602-E840-4D30-9F3D-24F0880FFE7C}.Debug|Any CPU.ActiveCfg = Debug|Any CPU
		{AE63A602-E840-4D30-9F3D-24F0880FFE7C}.Debug|Any CPU.Build.0 = Debug|Any CPU
		{AE63A602-E840-4D30-9F3D-24F0880FFE7C}.Release|Any CPU.ActiveCfg = Release|Any CPU
		{AE63A602-E840-4D30-9F3D-24F0880FFE7C}.Release|Any CPU.Build.0 = Release|Any CPU
		{D7338940-04B7-43B2-8594-85A10DD59BA4}.Debug|Any CPU.ActiveCfg = Debug|Any CPU
		{D7338940-04B7-43B2-8594-85A10DD59BA4}.Debug|Any CPU.Build.0 = Debug|Any CPU
		{D7338940-04B7-43B2-8594-85A10DD59BA4}.Release|Any CPU.ActiveCfg = Release|Any CPU
		{D7338940-04B7-43B2-8594-85A10DD59BA4}.Release|Any CPU.Build.0 = Release|Any CPU
		{441E7909-1456-45ED-ACD8-EE6134F71B1D}.Debug|Any CPU.ActiveCfg = Debug|Any CPU
		{441E7909-1456-45ED-ACD8-EE6134F71B1D}.Debug|Any CPU.Build.0 = Debug|Any CPU
		{441E7909-1456-45ED-ACD8-EE6134F71B1D}.Release|Any CPU.ActiveCfg = Release|Any CPU
		{441E7909-1456-45ED-ACD8-EE6134F71B1D}.Release|Any CPU.Build.0 = Release|Any CPU
		{3A6BCAD8-779C-4839-826B-10E8B65BF9D6}.Debug|Any CPU.ActiveCfg = Debug|Any CPU
		{3A6BCAD8-779C-4839-826B-10E8B65BF9D6}.Debug|Any CPU.Build.0 = Debug|Any CPU
		{3A6BCAD8-779C-4839-826B-10E8B65BF9D6}.Release|Any CPU.ActiveCfg = Release|Any CPU
		{3A6BCAD8-779C-4839-826B-10E8B65BF9D6}.Release|Any CPU.Build.0 = Release|Any CPU
	EndGlobalSection
	GlobalSection(SolutionProperties) = preSolution
		HideSolutionNode = FALSE
	EndGlobalSection
	GlobalSection(ExtensibilityGlobals) = postSolution
		SolutionGuid = {A55B8074-08BA-40E1-9D3F-44F4DDE13E3E}
	EndGlobalSection
EndGlobal
