
Microsoft Visual Studio Solution File, Format Version 12.00
# Visual Studio Version 17
VisualStudioVersion = 17.7.34031.279
MinimumVisualStudioVersion = 10.0.40219.1
Project("{9A19103F-16F7-4668-BE54-9A1E7A4F7556}") = "JeBalance.Admin", "JeBalanceAdmin\JeBalance.Admin.csproj", "{AE63A602-E840-4D30-9F3D-24F0880FFE7C}"
EndProject
Project("{9A19103F-16F7-4668-BE54-9A1E7A4F7556}") = "JeBalance.Domain", "JeBalance.Domain\JeBalance.Domain.csproj", "{3A6BCAD8-779C-4839-826B-10E8B65BF9D6}"
EndProject
Project("{9A19103F-16F7-4668-BE54-9A1E7A4F7556}") = "JeBalance.Infrastructure", "JeBalance.Infrastructure\JeBalance.Infrastructure.csproj", "{F7997F57-FDE5-4202-A580-9A6CE3940EB4}"
EndProject
Project("{9A19103F-16F7-4668-BE54-9A1E7A4F7556}") = "JeBalance.Infrastructure.Tests", "JeBalance.Infrastructure.Tests\JeBalance.Infrastructure.Tests.csproj", "{83531C14-843A-4AA3-9A70-74C3D0F43DFB}"
EndProject
Project("{9A19103F-16F7-4668-BE54-9A1E7A4F7556}") = "JeBalance.Inspection", "JeBalance.Inspection\JeBalance.Inspection.csproj", "{E9F91FA3-F45C-4D1A-BE98-6EC268FD2F9C}"
EndProject
Project("{9A19103F-16F7-4668-BE54-9A1E7A4F7556}") = "JeBalance.Auth", "JeBalance.Auth\JeBalance.Auth.csproj", "{63888A24-91F1-4A61-8A22-58753329F276}"
EndProject
Project("{9A19103F-16F7-4668-BE54-9A1E7A4F7556}") = "JeBalance.UI", "JeBalance.UI\JeBalance.UI.csproj", "{133CEFE5-8386-40F8-9288-BF44B836D619}"
EndProject
Global
	GlobalSection(SolutionConfigurationPlatforms) = preSolution
		Debug|Any CPU = Debug|Any CPU
		Release|Any CPU = Release|Any CPU
	EndGlobalSection
	GlobalSection(ProjectConfigurationPlatforms) = postSolution
		{AE63A602-E840-4D30-9F3D-24F0880FFE7C}.Debug|Any CPU.ActiveCfg = Debug|Any CPU
		{AE63A602-E840-4D30-9F3D-24F0880FFE7C}.Debug|Any CPU.Build.0 = Debug|Any CPU
		{AE63A602-E840-4D30-9F3D-24F0880FFE7C}.Release|Any CPU.ActiveCfg = Release|Any CPU
		{AE63A602-E840-4D30-9F3D-24F0880FFE7C}.Release|Any CPU.Build.0 = Release|Any CPU
		{3A6BCAD8-779C-4839-826B-10E8B65BF9D6}.Debug|Any CPU.ActiveCfg = Debug|Any CPU
		{3A6BCAD8-779C-4839-826B-10E8B65BF9D6}.Debug|Any CPU.Build.0 = Debug|Any CPU
		{3A6BCAD8-779C-4839-826B-10E8B65BF9D6}.Release|Any CPU.ActiveCfg = Release|Any CPU
		{3A6BCAD8-779C-4839-826B-10E8B65BF9D6}.Release|Any CPU.Build.0 = Release|Any CPU
		{F7997F57-FDE5-4202-A580-9A6CE3940EB4}.Debug|Any CPU.ActiveCfg = Debug|Any CPU
		{F7997F57-FDE5-4202-A580-9A6CE3940EB4}.Debug|Any CPU.Build.0 = Debug|Any CPU
		{F7997F57-FDE5-4202-A580-9A6CE3940EB4}.Release|Any CPU.ActiveCfg = Release|Any CPU
		{F7997F57-FDE5-4202-A580-9A6CE3940EB4}.Release|Any CPU.Build.0 = Release|Any CPU
		{83531C14-843A-4AA3-9A70-74C3D0F43DFB}.Debug|Any CPU.ActiveCfg = Debug|Any CPU
		{83531C14-843A-4AA3-9A70-74C3D0F43DFB}.Debug|Any CPU.Build.0 = Debug|Any CPU
		{83531C14-843A-4AA3-9A70-74C3D0F43DFB}.Release|Any CPU.ActiveCfg = Release|Any CPU
		{83531C14-843A-4AA3-9A70-74C3D0F43DFB}.Release|Any CPU.Build.0 = Release|Any CPU
		{E9F91FA3-F45C-4D1A-BE98-6EC268FD2F9C}.Debug|Any CPU.ActiveCfg = Debug|Any CPU
		{E9F91FA3-F45C-4D1A-BE98-6EC268FD2F9C}.Debug|Any CPU.Build.0 = Debug|Any CPU
		{E9F91FA3-F45C-4D1A-BE98-6EC268FD2F9C}.Release|Any CPU.ActiveCfg = Release|Any CPU
		{E9F91FA3-F45C-4D1A-BE98-6EC268FD2F9C}.Release|Any CPU.Build.0 = Release|Any CPU
		{63888A24-91F1-4A61-8A22-58753329F276}.Debug|Any CPU.ActiveCfg = Debug|Any CPU
		{63888A24-91F1-4A61-8A22-58753329F276}.Debug|Any CPU.Build.0 = Debug|Any CPU
		{63888A24-91F1-4A61-8A22-58753329F276}.Release|Any CPU.ActiveCfg = Release|Any CPU
		{63888A24-91F1-4A61-8A22-58753329F276}.Release|Any CPU.Build.0 = Release|Any CPU
		{133CEFE5-8386-40F8-9288-BF44B836D619}.Debug|Any CPU.ActiveCfg = Debug|Any CPU
		{133CEFE5-8386-40F8-9288-BF44B836D619}.Debug|Any CPU.Build.0 = Debug|Any CPU
		{133CEFE5-8386-40F8-9288-BF44B836D619}.Release|Any CPU.ActiveCfg = Release|Any CPU
		{133CEFE5-8386-40F8-9288-BF44B836D619}.Release|Any CPU.Build.0 = Release|Any CPU
	EndGlobalSection
	GlobalSection(SolutionProperties) = preSolution
		HideSolutionNode = FALSE
	EndGlobalSection
	GlobalSection(ExtensibilityGlobals) = postSolution
		SolutionGuid = {A55B8074-08BA-40E1-9D3F-44F4DDE13E3E}
	EndGlobalSection
EndGlobal
